
Microsoft Visual Studio Solution File, Format Version 12.00
# Visual Studio 15
VisualStudioVersion = 15.0.28307.705
MinimumVisualStudioVersion = 10.0.40219.1
Project("{FAE04EC0-301F-11D3-BF4B-00C04F79EFBC}") = "dotnetcore", "dotnetcore\dotnetcore.csproj", "{2801C564-6EAC-45F2-8F18-C689E0C71FD4}"
EndProject
Global
	GlobalSection(SolutionConfigurationPlatforms) = preSolution
		Debug|Any CPU = Debug|Any CPU
		Release|Any CPU = Release|Any CPU
	EndGlobalSection
	GlobalSection(ProjectConfigurationPlatforms) = postSolution
		{2801C564-6EAC-45F2-8F18-C689E0C71FD4}.Debug|Any CPU.ActiveCfg = Debug|Any CPU
		{2801C564-6EAC-45F2-8F18-C689E0C71FD4}.Debug|Any CPU.Build.0 = Debug|Any CPU
		{2801C564-6EAC-45F2-8F18-C689E0C71FD4}.Release|Any CPU.ActiveCfg = Release|Any CPU
		{2801C564-6EAC-45F2-8F18-C689E0C71FD4}.Release|Any CPU.Build.0 = Release|Any CPU
	EndGlobalSection
	GlobalSection(SolutionProperties) = preSolution
		HideSolutionNode = FALSE
	EndGlobalSection
	GlobalSection(ExtensibilityGlobals) = postSolution
		SolutionGuid = {5AEC296D-FB5F-48E7-AEF1-8B00390A0E4C}
	EndGlobalSection
EndGlobal
